// !$*UTF8*$!
{
	archiveVersion = 1;
	classes = {
	};
	objectVersion = 46;
	objects = {

/* Begin PBXBuildFile section */
		F30C44431E4DF0B500462DD5 /* main.m in Sources */ = {isa = PBXBuildFile; fileRef = F30C44421E4DF0B500462DD5 /* main.m */; };
		F30C44461E4DF0B500462DD5 /* AppDelegate.m in Sources */ = {isa = PBXBuildFile; fileRef = F30C44451E4DF0B500462DD5 /* AppDelegate.m */; };
		F30C44491E4DF0B500462DD5 /* ViewController.m in Sources */ = {isa = PBXBuildFile; fileRef = F30C44481E4DF0B500462DD5 /* ViewController.m */; };
		F30C444C1E4DF0B500462DD5 /* Main.storyboard in Resources */ = {isa = PBXBuildFile; fileRef = F30C444A1E4DF0B500462DD5 /* Main.storyboard */; };
		F30C444E1E4DF0B500462DD5 /* Assets.xcassets in Resources */ = {isa = PBXBuildFile; fileRef = F30C444D1E4DF0B500462DD5 /* Assets.xcassets */; };
		F30C44511E4DF0B500462DD5 /* LaunchScreen.storyboard in Resources */ = {isa = PBXBuildFile; fileRef = F30C444F1E4DF0B500462DD5 /* LaunchScreen.storyboard */; };
		F30C445C1E4DF0B500462DD5 /* HILab1_0Tests.m in Sources */ = {isa = PBXBuildFile; fileRef = F30C445B1E4DF0B500462DD5 /* HILab1_0Tests.m */; };
		F30C44671E4DF0B500462DD5 /* HILab1_0UITests.m in Sources */ = {isa = PBXBuildFile; fileRef = F30C44661E4DF0B500462DD5 /* HILab1_0UITests.m */; };
		F30C44881E4DF16A00462DD5 /* chart.min.js in Resources */ = {isa = PBXBuildFile; fileRef = F30C44751E4DF16A00462DD5 /* chart.min.js */; };
		F30C44891E4DF16A00462DD5 /* index.html in Resources */ = {isa = PBXBuildFile; fileRef = F30C44761E4DF16A00462DD5 /* index.html */; };
		F30C448A1E4DF16A00462DD5 /* TWRBarChart.m in Sources */ = {isa = PBXBuildFile; fileRef = F30C44781E4DF16A00462DD5 /* TWRBarChart.m */; };
		F30C448B1E4DF16A00462DD5 /* TWRChartBuilder.m in Sources */ = {isa = PBXBuildFile; fileRef = F30C447B1E4DF16A00462DD5 /* TWRChartBuilder.m */; };
		F30C448C1E4DF16A00462DD5 /* TWRChartView.m in Sources */ = {isa = PBXBuildFile; fileRef = F30C447D1E4DF16A00462DD5 /* TWRChartView.m */; };
		F30C448D1E4DF16A00462DD5 /* TWRCircularChart.m in Sources */ = {isa = PBXBuildFile; fileRef = F30C447F1E4DF16A00462DD5 /* TWRCircularChart.m */; };
		F30C448E1E4DF16A00462DD5 /* TWRDataSet.m in Sources */ = {isa = PBXBuildFile; fileRef = F30C44811E4DF16A00462DD5 /* TWRDataSet.m */; };
		F30C448F1E4DF16A00462DD5 /* TWRDataSet+Strings.m in Sources */ = {isa = PBXBuildFile; fileRef = F30C44831E4DF16A00462DD5 /* TWRDataSet+Strings.m */; };
		F30C44901E4DF16A00462DD5 /* TWRLineChart.m in Sources */ = {isa = PBXBuildFile; fileRef = F30C44851E4DF16A00462DD5 /* TWRLineChart.m */; };
		F30C44911E4DF16A00462DD5 /* UIColor+HexString.m in Sources */ = {isa = PBXBuildFile; fileRef = F30C44871E4DF16A00462DD5 /* UIColor+HexString.m */; };
		F30C44931E4DF18B00462DD5 /* index.js in Resources */ = {isa = PBXBuildFile; fileRef = F30C44921E4DF18B00462DD5 /* index.js */; };
		F33FD5661E6DBB3E0063D296 /* gener.jpg in Resources */ = {isa = PBXBuildFile; fileRef = F33FD5651E6DBB3E0063D296 /* gener.jpg */; };
		F33FD56A1E6DC2E30063D296 /* gener2.jpg in Resources */ = {isa = PBXBuildFile; fileRef = F33FD5671E6DC2E20063D296 /* gener2.jpg */; };
		F33FD56B1E6DC2E30063D296 /* gener3.jpg in Resources */ = {isa = PBXBuildFile; fileRef = F33FD5681E6DC2E20063D296 /* gener3.jpg */; };
		F33FD56C1E6DC2E30063D296 /* gener4.jpg in Resources */ = {isa = PBXBuildFile; fileRef = F33FD5691E6DC2E20063D296 /* gener4.jpg */; };
/* End PBXBuildFile section */

/* Begin PBXContainerItemProxy section */
		F30C44581E4DF0B500462DD5 /* PBXContainerItemProxy */ = {
			isa = PBXContainerItemProxy;
			containerPortal = F30C44361E4DF0B500462DD5 /* Project object */;
			proxyType = 1;
			remoteGlobalIDString = F30C443D1E4DF0B500462DD5;
			remoteInfo = HILab1.0;
		};
		F30C44631E4DF0B500462DD5 /* PBXContainerItemProxy */ = {
			isa = PBXContainerItemProxy;
			containerPortal = F30C44361E4DF0B500462DD5 /* Project object */;
			proxyType = 1;
			remoteGlobalIDString = F30C443D1E4DF0B500462DD5;
			remoteInfo = HILab1.0;
		};
/* End PBXContainerItemProxy section */

/* Begin PBXFileReference section */
		F30C443E1E4DF0B500462DD5 /* HILab1.0.app */ = {isa = PBXFileReference; explicitFileType = wrapper.application; includeInIndex = 0; path = HILab1.0.app; sourceTree = BUILT_PRODUCTS_DIR; };
		F30C44421E4DF0B500462DD5 /* main.m */ = {isa = PBXFileReference; lastKnownFileType = sourcecode.c.objc; path = main.m; sourceTree = "<group>"; };
		F30C44441E4DF0B500462DD5 /* AppDelegate.h */ = {isa = PBXFileReference; lastKnownFileType = sourcecode.c.h; path = AppDelegate.h; sourceTree = "<group>"; };
		F30C44451E4DF0B500462DD5 /* AppDelegate.m */ = {isa = PBXFileReference; lastKnownFileType = sourcecode.c.objc; path = AppDelegate.m; sourceTree = "<group>"; };
		F30C44471E4DF0B500462DD5 /* ViewController.h */ = {isa = PBXFileReference; lastKnownFileType = sourcecode.c.h; path = ViewController.h; sourceTree = "<group>"; };
		F30C44481E4DF0B500462DD5 /* ViewController.m */ = {isa = PBXFileReference; lastKnownFileType = sourcecode.c.objc; path = ViewController.m; sourceTree = "<group>"; };
		F30C444B1E4DF0B500462DD5 /* Base */ = {isa = PBXFileReference; lastKnownFileType = file.storyboard; name = Base; path = Base.lproj/Main.storyboard; sourceTree = "<group>"; };
		F30C444D1E4DF0B500462DD5 /* Assets.xcassets */ = {isa = PBXFileReference; lastKnownFileType = folder.assetcatalog; path = Assets.xcassets; sourceTree = "<group>"; };
		F30C44501E4DF0B500462DD5 /* Base */ = {isa = PBXFileReference; lastKnownFileType = file.storyboard; name = Base; path = Base.lproj/LaunchScreen.storyboard; sourceTree = "<group>"; };
		F30C44521E4DF0B500462DD5 /* Info.plist */ = {isa = PBXFileReference; lastKnownFileType = text.plist.xml; path = Info.plist; sourceTree = "<group>"; };
		F30C44571E4DF0B500462DD5 /* HILab1.0Tests.xctest */ = {isa = PBXFileReference; explicitFileType = wrapper.cfbundle; includeInIndex = 0; path = HILab1.0Tests.xctest; sourceTree = BUILT_PRODUCTS_DIR; };
		F30C445B1E4DF0B500462DD5 /* HILab1_0Tests.m */ = {isa = PBXFileReference; lastKnownFileType = sourcecode.c.objc; path = HILab1_0Tests.m; sourceTree = "<group>"; };
		F30C445D1E4DF0B500462DD5 /* Info.plist */ = {isa = PBXFileReference; lastKnownFileType = text.plist.xml; path = Info.plist; sourceTree = "<group>"; };
		F30C44621E4DF0B500462DD5 /* HILab1.0UITests.xctest */ = {isa = PBXFileReference; explicitFileType = wrapper.cfbundle; includeInIndex = 0; path = HILab1.0UITests.xctest; sourceTree = BUILT_PRODUCTS_DIR; };
		F30C44661E4DF0B500462DD5 /* HILab1_0UITests.m */ = {isa = PBXFileReference; lastKnownFileType = sourcecode.c.objc; path = HILab1_0UITests.m; sourceTree = "<group>"; };
		F30C44681E4DF0B500462DD5 /* Info.plist */ = {isa = PBXFileReference; lastKnownFileType = text.plist.xml; path = Info.plist; sourceTree = "<group>"; };
		F30C44751E4DF16A00462DD5 /* chart.min.js */ = {isa = PBXFileReference; fileEncoding = 4; lastKnownFileType = sourcecode.javascript; name = chart.min.js; path = "../../TWRCharts-master的副本/TWRCharts/chart.min.js"; sourceTree = "<group>"; };
		F30C44761E4DF16A00462DD5 /* index.html */ = {isa = PBXFileReference; fileEncoding = 4; lastKnownFileType = text.html; name = index.html; path = "../../TWRCharts-master的副本/TWRCharts/index.html"; sourceTree = "<group>"; };
		F30C44771E4DF16A00462DD5 /* TWRBarChart.h */ = {isa = PBXFileReference; fileEncoding = 4; lastKnownFileType = sourcecode.c.h; name = TWRBarChart.h; path = "../../TWRCharts-master的副本/TWRCharts/TWRBarChart.h"; sourceTree = "<group>"; };
		F30C44781E4DF16A00462DD5 /* TWRBarChart.m */ = {isa = PBXFileReference; fileEncoding = 4; lastKnownFileType = sourcecode.c.objc; name = TWRBarChart.m; path = "../../TWRCharts-master的副本/TWRCharts/TWRBarChart.m"; sourceTree = "<group>"; };
		F30C44791E4DF16A00462DD5 /* TWRChart.h */ = {isa = PBXFileReference; fileEncoding = 4; lastKnownFileType = sourcecode.c.h; name = TWRChart.h; path = "../../TWRCharts-master的副本/TWRCharts/TWRChart.h"; sourceTree = "<group>"; };
		F30C447A1E4DF16A00462DD5 /* TWRChartBuilder.h */ = {isa = PBXFileReference; fileEncoding = 4; lastKnownFileType = sourcecode.c.h; name = TWRChartBuilder.h; path = "../../TWRCharts-master的副本/TWRCharts/TWRChartBuilder.h"; sourceTree = "<group>"; };
		F30C447B1E4DF16A00462DD5 /* TWRChartBuilder.m */ = {isa = PBXFileReference; fileEncoding = 4; lastKnownFileType = sourcecode.c.objc; name = TWRChartBuilder.m; path = "../../TWRCharts-master的副本/TWRCharts/TWRChartBuilder.m"; sourceTree = "<group>"; };
		F30C447C1E4DF16A00462DD5 /* TWRChartView.h */ = {isa = PBXFileReference; fileEncoding = 4; lastKnownFileType = sourcecode.c.h; name = TWRChartView.h; path = "../../TWRCharts-master的副本/TWRCharts/TWRChartView.h"; sourceTree = "<group>"; };
		F30C447D1E4DF16A00462DD5 /* TWRChartView.m */ = {isa = PBXFileReference; fileEncoding = 4; lastKnownFileType = sourcecode.c.objc; name = TWRChartView.m; path = "../../TWRCharts-master的副本/TWRCharts/TWRChartView.m"; sourceTree = "<group>"; };
		F30C447E1E4DF16A00462DD5 /* TWRCircularChart.h */ = {isa = PBXFileReference; fileEncoding = 4; lastKnownFileType = sourcecode.c.h; name = TWRCircularChart.h; path = "../../TWRCharts-master的副本/TWRCharts/TWRCircularChart.h"; sourceTree = "<group>"; };
		F30C447F1E4DF16A00462DD5 /* TWRCircularChart.m */ = {isa = PBXFileReference; fileEncoding = 4; lastKnownFileType = sourcecode.c.objc; name = TWRCircularChart.m; path = "../../TWRCharts-master的副本/TWRCharts/TWRCircularChart.m"; sourceTree = "<group>"; };
		F30C44801E4DF16A00462DD5 /* TWRDataSet.h */ = {isa = PBXFileReference; fileEncoding = 4; lastKnownFileType = sourcecode.c.h; name = TWRDataSet.h; path = "../../TWRCharts-master的副本/TWRCharts/TWRDataSet.h"; sourceTree = "<group>"; };
		F30C44811E4DF16A00462DD5 /* TWRDataSet.m */ = {isa = PBXFileReference; fileEncoding = 4; lastKnownFileType = sourcecode.c.objc; name = TWRDataSet.m; path = "../../TWRCharts-master的副本/TWRCharts/TWRDataSet.m"; sourceTree = "<group>"; };
		F30C44821E4DF16A00462DD5 /* TWRDataSet+Strings.h */ = {isa = PBXFileReference; fileEncoding = 4; lastKnownFileType = sourcecode.c.h; name = "TWRDataSet+Strings.h"; path = "../../TWRCharts-master的副本/TWRCharts/TWRDataSet+Strings.h"; sourceTree = "<group>"; };
		F30C44831E4DF16A00462DD5 /* TWRDataSet+Strings.m */ = {isa = PBXFileReference; fileEncoding = 4; lastKnownFileType = sourcecode.c.objc; name = "TWRDataSet+Strings.m"; path = "../../TWRCharts-master的副本/TWRCharts/TWRDataSet+Strings.m"; sourceTree = "<group>"; };
		F30C44841E4DF16A00462DD5 /* TWRLineChart.h */ = {isa = PBXFileReference; fileEncoding = 4; lastKnownFileType = sourcecode.c.h; name = TWRLineChart.h; path = "../../TWRCharts-master的副本/TWRCharts/TWRLineChart.h"; sourceTree = "<group>"; };
		F30C44851E4DF16A00462DD5 /* TWRLineChart.m */ = {isa = PBXFileReference; fileEncoding = 4; lastKnownFileType = sourcecode.c.objc; name = TWRLineChart.m; path = "../../TWRCharts-master的副本/TWRCharts/TWRLineChart.m"; sourceTree = "<group>"; };
		F30C44861E4DF16A00462DD5 /* UIColor+HexString.h */ = {isa = PBXFileReference; fileEncoding = 4; lastKnownFileType = sourcecode.c.h; name = "UIColor+HexString.h"; path = "../../TWRCharts-master的副本/TWRCharts/UIColor+HexString.h"; sourceTree = "<group>"; };
		F30C44871E4DF16A00462DD5 /* UIColor+HexString.m */ = {isa = PBXFileReference; fileEncoding = 4; lastKnownFileType = sourcecode.c.objc; name = "UIColor+HexString.m"; path = "../../TWRCharts-master的副本/TWRCharts/UIColor+HexString.m"; sourceTree = "<group>"; };
		F30C44921E4DF18B00462DD5 /* index.js */ = {isa = PBXFileReference; fileEncoding = 4; lastKnownFileType = sourcecode.javascript; name = index.js; path = "../../../TWRCharts-master的副本/TWRChartsDemo/ChartJS/index.js"; sourceTree = "<group>"; };
		F33FD5651E6DBB3E0063D296 /* gener.jpg */ = {isa = PBXFileReference; lastKnownFileType = image.jpeg; path = gener.jpg; sourceTree = "<group>"; };
		F33FD5671E6DC2E20063D296 /* gener2.jpg */ = {isa = PBXFileReference; lastKnownFileType = image.jpeg; path = gener2.jpg; sourceTree = "<group>"; };
		F33FD5681E6DC2E20063D296 /* gener3.jpg */ = {isa = PBXFileReference; lastKnownFileType = image.jpeg; path = gener3.jpg; sourceTree = "<group>"; };
		F33FD5691E6DC2E20063D296 /* gener4.jpg */ = {isa = PBXFileReference; lastKnownFileType = image.jpeg; path = gener4.jpg; sourceTree = "<group>"; };
/* End PBXFileReference section */

/* Begin PBXFrameworksBuildPhase section */
		F30C443B1E4DF0B500462DD5 /* Frameworks */ = {
			isa = PBXFrameworksBuildPhase;
			buildActionMask = 2147483647;
			files = (
			);
			runOnlyForDeploymentPostprocessing = 0;
		};
		F30C44541E4DF0B500462DD5 /* Frameworks */ = {
			isa = PBXFrameworksBuildPhase;
			buildActionMask = 2147483647;
			files = (
			);
			runOnlyForDeploymentPostprocessing = 0;
		};
		F30C445F1E4DF0B500462DD5 /* Frameworks */ = {
			isa = PBXFrameworksBuildPhase;
			buildActionMask = 2147483647;
			files = (
			);
			runOnlyForDeploymentPostprocessing = 0;
		};
/* End PBXFrameworksBuildPhase section */

/* Begin PBXGroup section */
		F30C44351E4DF0B500462DD5 = {
			isa = PBXGroup;
			children = (
				F30C44741E4DF0DD00462DD5 /* Charts */,
				F30C44401E4DF0B500462DD5 /* HILab1.0 */,
				F30C445A1E4DF0B500462DD5 /* HILab1.0Tests */,
				F30C44651E4DF0B500462DD5 /* HILab1.0UITests */,
				F30C443F1E4DF0B500462DD5 /* Products */,
			);
			sourceTree = "<group>";
		};
		F30C443F1E4DF0B500462DD5 /* Products */ = {
			isa = PBXGroup;
			children = (
				F30C443E1E4DF0B500462DD5 /* HILab1.0.app */,
				F30C44571E4DF0B500462DD5 /* HILab1.0Tests.xctest */,
				F30C44621E4DF0B500462DD5 /* HILab1.0UITests.xctest */,
			);
			name = Products;
			sourceTree = "<group>";
		};
		F30C44401E4DF0B500462DD5 /* HILab1.0 */ = {
			isa = PBXGroup;
			children = (
				F33FD5671E6DC2E20063D296 /* gener2.jpg */,
				F33FD5681E6DC2E20063D296 /* gener3.jpg */,
				F33FD5691E6DC2E20063D296 /* gener4.jpg */,
				F33FD5651E6DBB3E0063D296 /* gener.jpg */,
				F30C44441E4DF0B500462DD5 /* AppDelegate.h */,
				F30C44451E4DF0B500462DD5 /* AppDelegate.m */,
				F30C44471E4DF0B500462DD5 /* ViewController.h */,
				F30C44481E4DF0B500462DD5 /* ViewController.m */,
				F30C444A1E4DF0B500462DD5 /* Main.storyboard */,
				F30C444D1E4DF0B500462DD5 /* Assets.xcassets */,
				F30C444F1E4DF0B500462DD5 /* LaunchScreen.storyboard */,
				F30C44521E4DF0B500462DD5 /* Info.plist */,
				F30C44411E4DF0B500462DD5 /* Supporting Files */,
			);
			path = HILab1.0;
			sourceTree = "<group>";
		};
		F30C44411E4DF0B500462DD5 /* Supporting Files */ = {
			isa = PBXGroup;
			children = (
				F30C44921E4DF18B00462DD5 /* index.js */,
				F30C44421E4DF0B500462DD5 /* main.m */,
			);
			name = "Supporting Files";
			sourceTree = "<group>";
		};
		F30C445A1E4DF0B500462DD5 /* HILab1.0Tests */ = {
			isa = PBXGroup;
			children = (
				F30C445B1E4DF0B500462DD5 /* HILab1_0Tests.m */,
				F30C445D1E4DF0B500462DD5 /* Info.plist */,
			);
			path = HILab1.0Tests;
			sourceTree = "<group>";
		};
		F30C44651E4DF0B500462DD5 /* HILab1.0UITests */ = {
			isa = PBXGroup;
			children = (
				F30C44661E4DF0B500462DD5 /* HILab1_0UITests.m */,
				F30C44681E4DF0B500462DD5 /* Info.plist */,
			);
			path = HILab1.0UITests;
			sourceTree = "<group>";
		};
		F30C44741E4DF0DD00462DD5 /* Charts */ = {
			isa = PBXGroup;
			children = (
				F30C44751E4DF16A00462DD5 /* chart.min.js */,
				F30C44761E4DF16A00462DD5 /* index.html */,
				F30C44771E4DF16A00462DD5 /* TWRBarChart.h */,
				F30C44781E4DF16A00462DD5 /* TWRBarChart.m */,
				F30C44791E4DF16A00462DD5 /* TWRChart.h */,
				F30C447A1E4DF16A00462DD5 /* TWRChartBuilder.h */,
				F30C447B1E4DF16A00462DD5 /* TWRChartBuilder.m */,
				F30C447C1E4DF16A00462DD5 /* TWRChartView.h */,
				F30C447D1E4DF16A00462DD5 /* TWRChartView.m */,
				F30C447E1E4DF16A00462DD5 /* TWRCircularChart.h */,
				F30C447F1E4DF16A00462DD5 /* TWRCircularChart.m */,
				F30C44801E4DF16A00462DD5 /* TWRDataSet.h */,
				F30C44811E4DF16A00462DD5 /* TWRDataSet.m */,
				F30C44821E4DF16A00462DD5 /* TWRDataSet+Strings.h */,
				F30C44831E4DF16A00462DD5 /* TWRDataSet+Strings.m */,
				F30C44841E4DF16A00462DD5 /* TWRLineChart.h */,
				F30C44851E4DF16A00462DD5 /* TWRLineChart.m */,
				F30C44861E4DF16A00462DD5 /* UIColor+HexString.h */,
				F30C44871E4DF16A00462DD5 /* UIColor+HexString.m */,
			);
			name = Charts;
			sourceTree = "<group>";
		};
/* End PBXGroup section */

/* Begin PBXNativeTarget section */
		F30C443D1E4DF0B500462DD5 /* HILab1.0 */ = {
			isa = PBXNativeTarget;
			buildConfigurationList = F30C446B1E4DF0B500462DD5 /* Build configuration list for PBXNativeTarget "HILab1.0" */;
			buildPhases = (
				F30C443A1E4DF0B500462DD5 /* Sources */,
				F30C443B1E4DF0B500462DD5 /* Frameworks */,
				F30C443C1E4DF0B500462DD5 /* Resources */,
			);
			buildRules = (
			);
			dependencies = (
			);
			name = HILab1.0;
			productName = HILab1.0;
			productReference = F30C443E1E4DF0B500462DD5 /* HILab1.0.app */;
			productType = "com.apple.product-type.application";
		};
		F30C44561E4DF0B500462DD5 /* HILab1.0Tests */ = {
			isa = PBXNativeTarget;
			buildConfigurationList = F30C446E1E4DF0B500462DD5 /* Build configuration list for PBXNativeTarget "HILab1.0Tests" */;
			buildPhases = (
				F30C44531E4DF0B500462DD5 /* Sources */,
				F30C44541E4DF0B500462DD5 /* Frameworks */,
				F30C44551E4DF0B500462DD5 /* Resources */,
			);
			buildRules = (
			);
			dependencies = (
				F30C44591E4DF0B500462DD5 /* PBXTargetDependency */,
			);
			name = HILab1.0Tests;
			productName = HILab1.0Tests;
			productReference = F30C44571E4DF0B500462DD5 /* HILab1.0Tests.xctest */;
			productType = "com.apple.product-type.bundle.unit-test";
		};
		F30C44611E4DF0B500462DD5 /* HILab1.0UITests */ = {
			isa = PBXNativeTarget;
			buildConfigurationList = F30C44711E4DF0B500462DD5 /* Build configuration list for PBXNativeTarget "HILab1.0UITests" */;
			buildPhases = (
				F30C445E1E4DF0B500462DD5 /* Sources */,
				F30C445F1E4DF0B500462DD5 /* Frameworks */,
				F30C44601E4DF0B500462DD5 /* Resources */,
			);
			buildRules = (
			);
			dependencies = (
				F30C44641E4DF0B500462DD5 /* PBXTargetDependency */,
			);
			name = HILab1.0UITests;
			productName = HILab1.0UITests;
			productReference = F30C44621E4DF0B500462DD5 /* HILab1.0UITests.xctest */;
			productType = "com.apple.product-type.bundle.ui-testing";
		};
/* End PBXNativeTarget section */

/* Begin PBXProject section */
		F30C44361E4DF0B500462DD5 /* Project object */ = {
			isa = PBXProject;
			attributes = {
				LastUpgradeCheck = 0820;
				ORGANIZATIONNAME = dengwt;
				TargetAttributes = {
					F30C443D1E4DF0B500462DD5 = {
						CreatedOnToolsVersion = 8.2.1;
						ProvisioningStyle = Automatic;
					};
					F30C44561E4DF0B500462DD5 = {
						CreatedOnToolsVersion = 8.2.1;
						ProvisioningStyle = Automatic;
						TestTargetID = F30C443D1E4DF0B500462DD5;
					};
					F30C44611E4DF0B500462DD5 = {
						CreatedOnToolsVersion = 8.2.1;
						ProvisioningStyle = Automatic;
						TestTargetID = F30C443D1E4DF0B500462DD5;
					};
				};
			};
			buildConfigurationList = F30C44391E4DF0B500462DD5 /* Build configuration list for PBXProject "HILab1.0" */;
			compatibilityVersion = "Xcode 3.2";
			developmentRegion = English;
			hasScannedForEncodings = 0;
			knownRegions = (
				en,
				Base,
			);
			mainGroup = F30C44351E4DF0B500462DD5;
			productRefGroup = F30C443F1E4DF0B500462DD5 /* Products */;
			projectDirPath = "";
			projectRoot = "";
			targets = (
				F30C443D1E4DF0B500462DD5 /* HILab1.0 */,
				F30C44561E4DF0B500462DD5 /* HILab1.0Tests */,
				F30C44611E4DF0B500462DD5 /* HILab1.0UITests */,
			);
		};
/* End PBXProject section */

/* Begin PBXResourcesBuildPhase section */
		F30C443C1E4DF0B500462DD5 /* Resources */ = {
			isa = PBXResourcesBuildPhase;
			buildActionMask = 2147483647;
			files = (
				F30C44891E4DF16A00462DD5 /* index.html in Resources */,
				F33FD56B1E6DC2E30063D296 /* gener3.jpg in Resources */,
				F33FD56C1E6DC2E30063D296 /* gener4.jpg in Resources */,
				F30C44511E4DF0B500462DD5 /* LaunchScreen.storyboard in Resources */,
				F30C444E1E4DF0B500462DD5 /* Assets.xcassets in Resources */,
				F30C44931E4DF18B00462DD5 /* index.js in Resources */,
				F33FD56A1E6DC2E30063D296 /* gener2.jpg in Resources */,
				F33FD5661E6DBB3E0063D296 /* gener.jpg in Resources */,
				F30C444C1E4DF0B500462DD5 /* Main.storyboard in Resources */,
				F30C44881E4DF16A00462DD5 /* chart.min.js in Resources */,
			);
			runOnlyForDeploymentPostprocessing = 0;
		};
		F30C44551E4DF0B500462DD5 /* Resources */ = {
			isa = PBXResourcesBuildPhase;
			buildActionMask = 2147483647;
			files = (
			);
			runOnlyForDeploymentPostprocessing = 0;
		};
		F30C44601E4DF0B500462DD5 /* Resources */ = {
			isa = PBXResourcesBuildPhase;
			buildActionMask = 2147483647;
			files = (
			);
			runOnlyForDeploymentPostprocessing = 0;
		};
/* End PBXResourcesBuildPhase section */

/* Begin PBXSourcesBuildPhase section */
		F30C443A1E4DF0B500462DD5 /* Sources */ = {
			isa = PBXSourcesBuildPhase;
			buildActionMask = 2147483647;
			files = (
				F30C448A1E4DF16A00462DD5 /* TWRBarChart.m in Sources */,
				F30C448C1E4DF16A00462DD5 /* TWRChartView.m in Sources */,
				F30C448E1E4DF16A00462DD5 /* TWRDataSet.m in Sources */,
				F30C448B1E4DF16A00462DD5 /* TWRChartBuilder.m in Sources */,
				F30C448D1E4DF16A00462DD5 /* TWRCircularChart.m in Sources */,
				F30C448F1E4DF16A00462DD5 /* TWRDataSet+Strings.m in Sources */,
				F30C44491E4DF0B500462DD5 /* ViewController.m in Sources */,
				F30C44461E4DF0B500462DD5 /* AppDelegate.m in Sources */,
				F30C44911E4DF16A00462DD5 /* UIColor+HexString.m in Sources */,
				F30C44901E4DF16A00462DD5 /* TWRLineChart.m in Sources */,
				F30C44431E4DF0B500462DD5 /* main.m in Sources */,
			);
			runOnlyForDeploymentPostprocessing = 0;
		};
		F30C44531E4DF0B500462DD5 /* Sources */ = {
			isa = PBXSourcesBuildPhase;
			buildActionMask = 2147483647;
			files = (
				F30C445C1E4DF0B500462DD5 /* HILab1_0Tests.m in Sources */,
			);
			runOnlyForDeploymentPostprocessing = 0;
		};
		F30C445E1E4DF0B500462DD5 /* Sources */ = {
			isa = PBXSourcesBuildPhase;
			buildActionMask = 2147483647;
			files = (
				F30C44671E4DF0B500462DD5 /* HILab1_0UITests.m in Sources */,
			);
			runOnlyForDeploymentPostprocessing = 0;
		};
/* End PBXSourcesBuildPhase section */

/* Begin PBXTargetDependency section */
		F30C44591E4DF0B500462DD5 /* PBXTargetDependency */ = {
			isa = PBXTargetDependency;
			target = F30C443D1E4DF0B500462DD5 /* HILab1.0 */;
			targetProxy = F30C44581E4DF0B500462DD5 /* PBXContainerItemProxy */;
		};
		F30C44641E4DF0B500462DD5 /* PBXTargetDependency */ = {
			isa = PBXTargetDependency;
			target = F30C443D1E4DF0B500462DD5 /* HILab1.0 */;
			targetProxy = F30C44631E4DF0B500462DD5 /* PBXContainerItemProxy */;
		};
/* End PBXTargetDependency section */

/* Begin PBXVariantGroup section */
		F30C444A1E4DF0B500462DD5 /* Main.storyboard */ = {
			isa = PBXVariantGroup;
			children = (
				F30C444B1E4DF0B500462DD5 /* Base */,
			);
			name = Main.storyboard;
			sourceTree = "<group>";
		};
		F30C444F1E4DF0B500462DD5 /* LaunchScreen.storyboard */ = {
			isa = PBXVariantGroup;
			children = (
				F30C44501E4DF0B500462DD5 /* Base */,
			);
			name = LaunchScreen.storyboard;
			sourceTree = "<group>";
		};
/* End PBXVariantGroup section */

/* Begin XCBuildConfiguration section */
		F30C44691E4DF0B500462DD5 /* Debug */ = {
			isa = XCBuildConfiguration;
			buildSettings = {
				ALWAYS_SEARCH_USER_PATHS = NO;
				CLANG_ANALYZER_NONNULL = YES;
				CLANG_CXX_LANGUAGE_STANDARD = "gnu++0x";
				CLANG_CXX_LIBRARY = "libc++";
				CLANG_ENABLE_MODULES = YES;
				CLANG_ENABLE_OBJC_ARC = YES;
				CLANG_WARN_BOOL_CONVERSION = YES;
				CLANG_WARN_CONSTANT_CONVERSION = YES;
				CLANG_WARN_DIRECT_OBJC_ISA_USAGE = YES_ERROR;
				CLANG_WARN_DOCUMENTATION_COMMENTS = YES;
				CLANG_WARN_EMPTY_BODY = YES;
				CLANG_WARN_ENUM_CONVERSION = YES;
				CLANG_WARN_INFINITE_RECURSION = YES;
				CLANG_WARN_INT_CONVERSION = YES;
				CLANG_WARN_OBJC_ROOT_CLASS = YES_ERROR;
				CLANG_WARN_SUSPICIOUS_MOVE = YES;
				CLANG_WARN_UNREACHABLE_CODE = YES;
				CLANG_WARN__DUPLICATE_METHOD_MATCH = YES;
				"CODE_SIGN_IDENTITY[sdk=iphoneos*]" = "iPhone Developer";
				COPY_PHASE_STRIP = NO;
				DEBUG_INFORMATION_FORMAT = dwarf;
				ENABLE_STRICT_OBJC_MSGSEND = YES;
				ENABLE_TESTABILITY = YES;
				GCC_C_LANGUAGE_STANDARD = gnu99;
				GCC_DYNAMIC_NO_PIC = NO;
				GCC_NO_COMMON_BLOCKS = YES;
				GCC_OPTIMIZATION_LEVEL = 0;
				GCC_PREPROCESSOR_DEFINITIONS = (
					"DEBUG=1",
					"$(inherited)",
				);
				GCC_WARN_64_TO_32_BIT_CONVERSION = YES;
				GCC_WARN_ABOUT_RETURN_TYPE = YES_ERROR;
				GCC_WARN_UNDECLARED_SELECTOR = YES;
				GCC_WARN_UNINITIALIZED_AUTOS = YES_AGGRESSIVE;
				GCC_WARN_UNUSED_FUNCTION = YES;
				GCC_WARN_UNUSED_VARIABLE = YES;
				IPHONEOS_DEPLOYMENT_TARGET = 10.2;
				MTL_ENABLE_DEBUG_INFO = YES;
				ONLY_ACTIVE_ARCH = YES;
				SDKROOT = iphoneos;
			};
			name = Debug;
		};
		F30C446A1E4DF0B500462DD5 /* Release */ = {
			isa = XCBuildConfiguration;
			buildSettings = {
				ALWAYS_SEARCH_USER_PATHS = NO;
				CLANG_ANALYZER_NONNULL = YES;
				CLANG_CXX_LANGUAGE_STANDARD = "gnu++0x";
				CLANG_CXX_LIBRARY = "libc++";
				CLANG_ENABLE_MODULES = YES;
				CLANG_ENABLE_OBJC_ARC = YES;
				CLANG_WARN_BOOL_CONVERSION = YES;
				CLANG_WARN_CONSTANT_CONVERSION = YES;
				CLANG_WARN_DIRECT_OBJC_ISA_USAGE = YES_ERROR;
				CLANG_WARN_DOCUMENTATION_COMMENTS = YES;
				CLANG_WARN_EMPTY_BODY = YES;
				CLANG_WARN_ENUM_CONVERSION = YES;
				CLANG_WARN_INFINITE_RECURSION = YES;
				CLANG_WARN_INT_CONVERSION = YES;
				CLANG_WARN_OBJC_ROOT_CLASS = YES_ERROR;
				CLANG_WARN_SUSPICIOUS_MOVE = YES;
				CLANG_WARN_UNREACHABLE_CODE = YES;
				CLANG_WARN__DUPLICATE_METHOD_MATCH = YES;
				"CODE_SIGN_IDENTITY[sdk=iphoneos*]" = "iPhone Developer";
				COPY_PHASE_STRIP = NO;
				DEBUG_INFORMATION_FORMAT = "dwarf-with-dsym";
				ENABLE_NS_ASSERTIONS = NO;
				ENABLE_STRICT_OBJC_MSGSEND = YES;
				GCC_C_LANGUAGE_STANDARD = gnu99;
				GCC_NO_COMMON_BLOCKS = YES;
				GCC_WARN_64_TO_32_BIT_CONVERSION = YES;
				GCC_WARN_ABOUT_RETURN_TYPE = YES_ERROR;
				GCC_WARN_UNDECLARED_SELECTOR = YES;
				GCC_WARN_UNINITIALIZED_AUTOS = YES_AGGRESSIVE;
				GCC_WARN_UNUSED_FUNCTION = YES;
				GCC_WARN_UNUSED_VARIABLE = YES;
				IPHONEOS_DEPLOYMENT_TARGET = 10.2;
				MTL_ENABLE_DEBUG_INFO = NO;
				SDKROOT = iphoneos;
				VALIDATE_PRODUCT = YES;
			};
			name = Release;
		};
		F30C446C1E4DF0B500462DD5 /* Debug */ = {
			isa = XCBuildConfiguration;
			buildSettings = {
				ASSETCATALOG_COMPILER_APPICON_NAME = AppIcon;
				INFOPLIST_FILE = HILab1.0/Info.plist;
				LD_RUNPATH_SEARCH_PATHS = "$(inherited) @executable_path/Frameworks";
				PRODUCT_BUNDLE_IDENTIFIER = "JLU.HILab1-0";
				PRODUCT_NAME = "$(TARGET_NAME)";
			};
			name = Debug;
		};
		F30C446D1E4DF0B500462DD5 /* Release */ = {
			isa = XCBuildConfiguration;
			buildSettings = {
				ASSETCATALOG_COMPILER_APPICON_NAME = AppIcon;
				INFOPLIST_FILE = HILab1.0/Info.plist;
				LD_RUNPATH_SEARCH_PATHS = "$(inherited) @executable_path/Frameworks";
				PRODUCT_BUNDLE_IDENTIFIER = "JLU.HILab1-0";
				PRODUCT_NAME = "$(TARGET_NAME)";
			};
			name = Release;
		};
		F30C446F1E4DF0B500462DD5 /* Debug */ = {
			isa = XCBuildConfiguration;
			buildSettings = {
				BUNDLE_LOADER = "$(TEST_HOST)";
				INFOPLIST_FILE = HILab1.0Tests/Info.plist;
				LD_RUNPATH_SEARCH_PATHS = "$(inherited) @executable_path/Frameworks @loader_path/Frameworks";
				PRODUCT_BUNDLE_IDENTIFIER = "JLU.HILab1-0Tests";
				PRODUCT_NAME = "$(TARGET_NAME)";
				TEST_HOST = "$(BUILT_PRODUCTS_DIR)/HILab1.0.app/HILab1.0";
			};
			name = Debug;
		};
		F30C44701E4DF0B500462DD5 /* Release */ = {
			isa = XCBuildConfiguration;
			buildSettings = {
				BUNDLE_LOADER = "$(TEST_HOST)";
				INFOPLIST_FILE = HILab1.0Tests/Info.plist;
				LD_RUNPATH_SEARCH_PATHS = "$(inherited) @executable_path/Frameworks @loader_path/Frameworks";
				PRODUCT_BUNDLE_IDENTIFIER = "JLU.HILab1-0Tests";
				PRODUCT_NAME = "$(TARGET_NAME)";
				TEST_HOST = "$(BUILT_PRODUCTS_DIR)/HILab1.0.app/HILab1.0";
			};
			name = Release;
		};
		F30C44721E4DF0B500462DD5 /* Debug */ = {
			isa = XCBuildConfiguration;
			buildSettings = {
				INFOPLIST_FILE = HILab1.0UITests/Info.plist;
				LD_RUNPATH_SEARCH_PATHS = "$(inherited) @executable_path/Frameworks @loader_path/Frameworks";
				PRODUCT_BUNDLE_IDENTIFIER = "JLU.HILab1-0UITests";
				PRODUCT_NAME = "$(TARGET_NAME)";
				TEST_TARGET_NAME = HILab1.0;
			};
			name = Debug;
		};
		F30C44731E4DF0B500462DD5 /* Release */ = {
			isa = XCBuildConfiguration;
			buildSettings = {
				INFOPLIST_FILE = HILab1.0UITests/Info.plist;
				LD_RUNPATH_SEARCH_PATHS = "$(inherited) @executable_path/Frameworks @loader_path/Frameworks";
				PRODUCT_BUNDLE_IDENTIFIER = "JLU.HILab1-0UITests";
				PRODUCT_NAME = "$(TARGET_NAME)";
				TEST_TARGET_NAME = HILab1.0;
			};
			name = Release;
		};
/* End XCBuildConfiguration section */

/* Begin XCConfigurationList section */
		F30C44391E4DF0B500462DD5 /* Build configuration list for PBXProject "HILab1.0" */ = {
			isa = XCConfigurationList;
			buildConfigurations = (
				F30C44691E4DF0B500462DD5 /* Debug */,
				F30C446A1E4DF0B500462DD5 /* Release */,
			);
			defaultConfigurationIsVisible = 0;
			defaultConfigurationName = Release;
		};
		F30C446B1E4DF0B500462DD5 /* Build configuration list for PBXNativeTarget "HILab1.0" */ = {
			isa = XCConfigurationList;
			buildConfigurations = (
				F30C446C1E4DF0B500462DD5 /* Debug */,
				F30C446D1E4DF0B500462DD5 /* Release */,
			);
			defaultConfigurationIsVisible = 0;
			defaultConfigurationName = Release;
		};
		F30C446E1E4DF0B500462DD5 /* Build configuration list for PBXNativeTarget "HILab1.0Tests" */ = {
			isa = XCConfigurationList;
			buildConfigurations = (
				F30C446F1E4DF0B500462DD5 /* Debug */,
				F30C44701E4DF0B500462DD5 /* Release */,
			);
			defaultConfigurationIsVisible = 0;
			defaultConfigurationName = Release;
		};
		F30C44711E4DF0B500462DD5 /* Build configuration list for PBXNativeTarget "HILab1.0UITests" */ = {
			isa = XCConfigurationList;
			buildConfigurations = (
				F30C44721E4DF0B500462DD5 /* Debug */,
				F30C44731E4DF0B500462DD5 /* Release */,
			);
			defaultConfigurationIsVisible = 0;
			defaultConfigurationName = Release;
		};
/* End XCConfigurationList section */
	};
	rootObject = F30C44361E4DF0B500462DD5 /* Project object */;
}
